
Microsoft Visual Studio Solution File, Format Version 12.00
# Visual Studio Version 17
VisualStudioVersion = 17.8.34525.116
MinimumVisualStudioVersion = 10.0.40219.1
Project("{FAE04EC0-301F-11D3-BF4B-00C04F79EFBC}") = "RequestsManagement", "RequestsManagement.csproj", "{0126C148-578D-4601-815E-E8B6483BC7B7}"
EndProject
Global
	GlobalSection(SolutionConfigurationPlatforms) = preSolution
		Debug|Any CPU = Debug|Any CPU
		Release|Any CPU = Release|Any CPU
	EndGlobalSection
	GlobalSection(ProjectConfigurationPlatforms) = postSolution
		{0126C148-578D-4601-815E-E8B6483BC7B7}.Debug|Any CPU.ActiveCfg = Debug|Any CPU
		{0126C148-578D-4601-815E-E8B6483BC7B7}.Debug|Any CPU.Build.0 = Debug|Any CPU
		{0126C148-578D-4601-815E-E8B6483BC7B7}.Release|Any CPU.ActiveCfg = Release|Any CPU
		{0126C148-578D-4601-815E-E8B6483BC7B7}.Release|Any CPU.Build.0 = Release|Any CPU
	EndGlobalSection
	GlobalSection(SolutionProperties) = preSolution
		HideSolutionNode = FALSE
	EndGlobalSection
	GlobalSection(ExtensibilityGlobals) = postSolution
		SolutionGuid = {69C91E21-93B8-4B68-8765-9D965807ABC0}
	EndGlobalSection
EndGlobal
